
Microsoft Visual Studio Solution File, Format Version 12.00
# Visual Studio Version 17
VisualStudioVersion = 17.11.35327.3
MinimumVisualStudioVersion = 10.0.40219.1
Project("{FAE04EC0-301F-11D3-BF4B-00C04F79EFBC}") = "RealEstateBackEnd", "RealEstateBackEnd\RealEstateBackEnd.csproj", "{054BE3F8-590B-480E-8C83-301B2840F47D}"
EndProject
Global
	GlobalSection(SolutionConfigurationPlatforms) = preSolution
		Debug|Any CPU = Debug|Any CPU
		Release|Any CPU = Release|Any CPU
	EndGlobalSection
	GlobalSection(ProjectConfigurationPlatforms) = postSolution
		{054BE3F8-590B-480E-8C83-301B2840F47D}.Debug|Any CPU.ActiveCfg = Debug|Any CPU
		{054BE3F8-590B-480E-8C83-301B2840F47D}.Debug|Any CPU.Build.0 = Debug|Any CPU
		{054BE3F8-590B-480E-8C83-301B2840F47D}.Release|Any CPU.ActiveCfg = Release|Any CPU
		{054BE3F8-590B-480E-8C83-301B2840F47D}.Release|Any CPU.Build.0 = Release|Any CPU
	EndGlobalSection
	GlobalSection(SolutionProperties) = preSolution
		HideSolutionNode = FALSE
	EndGlobalSection
	GlobalSection(ExtensibilityGlobals) = postSolution
		SolutionGuid = {191E0C3A-1CD5-46FF-BF7E-89D11BB4BA7B}
	EndGlobalSection
EndGlobal
